
Microsoft Visual Studio Solution File, Format Version 12.00
# Visual Studio Version 17
VisualStudioVersion = 17.14.36930.0 d17.14
MinimumVisualStudioVersion = 10.0.40219.1
Project("{FAE04EC0-301F-11D3-BF4B-00C04F79EFBC}") = "gamelogger", "gamelogger\gamelogger.csproj", "{A2722A79-88E3-4EA4-AA88-1698FAEFE481}"
EndProject
Global
	GlobalSection(SolutionConfigurationPlatforms) = preSolution
		Debug|Any CPU = Debug|Any CPU
		Release|Any CPU = Release|Any CPU
	EndGlobalSection
	GlobalSection(ProjectConfigurationPlatforms) = postSolution
		{A2722A79-88E3-4EA4-AA88-1698FAEFE481}.Debug|Any CPU.ActiveCfg = Debug|Any CPU
		{A2722A79-88E3-4EA4-AA88-1698FAEFE481}.Debug|Any CPU.Build.0 = Debug|Any CPU
		{A2722A79-88E3-4EA4-AA88-1698FAEFE481}.Release|Any CPU.ActiveCfg = Release|Any CPU
		{A2722A79-88E3-4EA4-AA88-1698FAEFE481}.Release|Any CPU.Build.0 = Release|Any CPU
	EndGlobalSection
	GlobalSection(SolutionProperties) = preSolution
		HideSolutionNode = FALSE
	EndGlobalSection
	GlobalSection(ExtensibilityGlobals) = postSolution
		SolutionGuid = {0D27AB48-3BAD-4959-88A3-30ABE6A14C9A}
	EndGlobalSection
EndGlobal
